
Microsoft Visual Studio Solution File, Format Version 12.00
# Visual Studio Version 16
VisualStudioVersion = 16.0.29911.84
MinimumVisualStudioVersion = 10.0.40219.1
Project("{FAE04EC0-301F-11D3-BF4B-00C04F79EFBC}") = "Calculadora", "Calculadora.csproj", "{542995FE-D356-4E68-8DC3-7FE67FEE2123}"
EndProject
Global
	GlobalSection(SolutionConfigurationPlatforms) = preSolution
		Debug|Any CPU = Debug|Any CPU
		Release|Any CPU = Release|Any CPU
	EndGlobalSection
	GlobalSection(ProjectConfigurationPlatforms) = postSolution
		{542995FE-D356-4E68-8DC3-7FE67FEE2123}.Debug|Any CPU.ActiveCfg = Debug|Any CPU
		{542995FE-D356-4E68-8DC3-7FE67FEE2123}.Debug|Any CPU.Build.0 = Debug|Any CPU
		{542995FE-D356-4E68-8DC3-7FE67FEE2123}.Release|Any CPU.ActiveCfg = Release|Any CPU
		{542995FE-D356-4E68-8DC3-7FE67FEE2123}.Release|Any CPU.Build.0 = Release|Any CPU
	EndGlobalSection
	GlobalSection(SolutionProperties) = preSolution
		HideSolutionNode = FALSE
	EndGlobalSection
	GlobalSection(ExtensibilityGlobals) = postSolution
		SolutionGuid = {5BC9F4DF-ED26-4FBC-881F-00018A7A85A3}
	EndGlobalSection
EndGlobal
